
Microsoft Visual Studio Solution File, Format Version 12.00
# Visual Studio Version 16
VisualStudioVersion = 16.0.30114.105
MinimumVisualStudioVersion = 10.0.40219.1
Project("{FAE04EC0-301F-11D3-BF4B-00C04F79EFBC}") = "mrBatchSheetExport", "mrBatchSheetExport\mrBatchSheetExport.csproj", "{87291A62-801C-4584-96FC-168ADD7A21BE}"
EndProject
Project("{2150E333-8FDC-42A3-9474-1A3956D46DE8}") = "Solution Items", "Solution Items", "{A10E18B5-F68F-430C-91DD-E4A9E17C9330}"
	ProjectSection(SolutionItems) = preProject
		README.md = README.md
	EndProjectSection
EndProject
Project("{9A19103F-16F7-4668-BE54-9A1E7A4F7556}") = "_build", "build\_build.csproj", "{ECB1C183-0C16-4A2C-9AF1-2EA996810947}"
EndProject
Global
	GlobalSection(SolutionConfigurationPlatforms) = preSolution
		Debug|Any CPU = Debug|Any CPU
		Release|Any CPU = Release|Any CPU
	EndGlobalSection
	GlobalSection(ProjectConfigurationPlatforms) = postSolution
		{ECB1C183-0C16-4A2C-9AF1-2EA996810947}.Debug|Any CPU.ActiveCfg = Debug|Any CPU
		{ECB1C183-0C16-4A2C-9AF1-2EA996810947}.Release|Any CPU.ActiveCfg = Release|Any CPU
		{87291A62-801C-4584-96FC-168ADD7A21BE}.Debug|Any CPU.ActiveCfg = Debug|Any CPU
		{87291A62-801C-4584-96FC-168ADD7A21BE}.Debug|Any CPU.Build.0 = Debug|Any CPU
		{87291A62-801C-4584-96FC-168ADD7A21BE}.Release|Any CPU.ActiveCfg = Release|Any CPU
		{87291A62-801C-4584-96FC-168ADD7A21BE}.Release|Any CPU.Build.0 = Release|Any CPU
	EndGlobalSection
	GlobalSection(SolutionProperties) = preSolution
		HideSolutionNode = FALSE
	EndGlobalSection
	GlobalSection(ExtensibilityGlobals) = postSolution
		SolutionGuid = {31100BBB-31AA-4BA9-B276-5591F5A2832F}
	EndGlobalSection
EndGlobal
