
Microsoft Visual Studio Solution File, Format Version 12.00
# Visual Studio 15
VisualStudioVersion = 15.0.28307.168
MinimumVisualStudioVersion = 10.0.40219.1
Project("{FAE04EC0-301F-11D3-BF4B-00C04F79EFBC}") = "mrBatchSheetExport", "mrBatchSheetExport\mrBatchSheetExport.csproj", "{87291A62-801C-4584-96FC-168ADD7A21BE}"
EndProject
Global
	GlobalSection(SolutionConfigurationPlatforms) = preSolution
		Debug|Any CPU = Debug|Any CPU
		Release|Any CPU = Release|Any CPU
	EndGlobalSection
	GlobalSection(ProjectConfigurationPlatforms) = postSolution
		{87291A62-801C-4584-96FC-168ADD7A21BE}.Debug|Any CPU.ActiveCfg = Debug|Any CPU
		{87291A62-801C-4584-96FC-168ADD7A21BE}.Debug|Any CPU.Build.0 = Debug|Any CPU
		{87291A62-801C-4584-96FC-168ADD7A21BE}.Release|Any CPU.ActiveCfg = Release|Any CPU
		{87291A62-801C-4584-96FC-168ADD7A21BE}.Release|Any CPU.Build.0 = Release|Any CPU
	EndGlobalSection
	GlobalSection(SolutionProperties) = preSolution
		HideSolutionNode = FALSE
	EndGlobalSection
	GlobalSection(ExtensibilityGlobals) = postSolution
		SolutionGuid = {31100BBB-31AA-4BA9-B276-5591F5A2832F}
	EndGlobalSection
EndGlobal
